{
  "requires": true,
  "lockfileVersion": 1,
  "dependencies": {
    "@material/animation": {
      "version": "1.0.0",
      "resolved": "http://registry.npm.taobao.org/@material/animation/download/@material/animation-1.0.0.tgz",
      "integrity": "sha1-39hXXIsDEgORfcg4rA48D+D2cJs=",
      "requires": {
        "tslib": "^1.9.3"
      }
    },
    "@material/auto-init": {
      "version": "2.3.0",
      "resolved": "https://registry.npm.taobao.org/@material/auto-init/download/@material/auto-init-2.3.0.tgz",
      "integrity": "sha1-PTJQdnWTmrDXyfBbB1gF7STSIJU=",
      "requires": {
        "@material/base": "^1.0.0",
        "tslib": "^1.9.3"
      }
    },
    "@material/base": {
      "version": "1.0.0",
      "resolved": "http://registry.npm.taobao.org/@material/base/download/@material/base-1.0.0.tgz",
      "integrity": "sha1-5O8LIsVKqIevlPWYj7HAyzJFvro=",
      "requires": {
        "tslib": "^1.9.3"
      }
    },
    "@material/button": {
      "version": "2.3.0",
      "resolved": "https://registry.npm.taobao.org/@material/button/download/@material/button-2.3.0.tgz",
      "integrity": "sha1-7/E0m6vz+Sm9mfhnQt+YgYUkfUM=",
      "requires": {
        "@material/elevation": "^1.1.0",
        "@material/feature-targeting": "^0.44.1",
        "@material/ripple": "^2.3.0",
        "@material/rtl": "^0.42.0",
        "@material/shape": "^1.1.1",
        "@material/theme": "^1.1.0",
        "@material/typography": "^2.3.0"
      }
    },
    "@material/card": {
      "version": "2.3.0",
      "resolved": "https://registry.npm.taobao.org/@material/card/download/@material/card-2.3.0.tgz",
      "integrity": "sha1-9ZrDsW0h0hr1dHpTBiTxRiIobCk=",
      "requires": {
        "@material/elevation": "^1.1.0",
        "@material/feature-targeting": "^0.44.1",
        "@material/ripple": "^2.3.0",
        "@material/rtl": "^0.42.0",
        "@material/shape": "^1.1.1",
        "@material/theme": "^1.1.0"
      }
    },
    "@material/checkbox": {
      "version": "2.3.0",
      "resolved": "https://registry.npm.taobao.org/@material/checkbox/download/@material/checkbox-2.3.0.tgz",
      "integrity": "sha1-P9LYrU1gK4SG+EH8Vh4BEH8GtKM=",
      "requires": {
        "@material/animation": "^1.0.0",
        "@material/base": "^1.0.0",
        "@material/dom": "^1.1.0",
        "@material/feature-targeting": "^0.44.1",
        "@material/ripple": "^2.3.0",
        "@material/rtl": "^0.42.0",
        "@material/theme": "^1.1.0",
        "tslib": "^1.9.3"
      }
    },
    "@material/chips": {
      "version": "2.3.0",
      "resolved": "https://registry.npm.taobao.org/@material/chips/download/@material/chips-2.3.0.tgz",
      "integrity": "sha1-x3jf1hqwcql3HmntuLAJF6b69Vg=",
      "requires": {
        "@material/animation": "^1.0.0",
        "@material/base": "^1.0.0",
        "@material/checkbox": "^2.3.0",
        "@material/elevation": "^1.1.0",
        "@material/feature-targeting": "^0.44.1",
        "@material/ripple": "^2.3.0",
        "@material/shape": "^1.1.1",
        "@material/theme": "^1.1.0",
        "@material/typography": "^2.3.0",
        "tslib": "^1.9.3"
      }
    },
    "@material/dialog": {
      "version": "2.3.0",
      "resolved": "https://registry.npm.taobao.org/@material/dialog/download/@material/dialog-2.3.0.tgz",
      "integrity": "sha1-RSXa8x4dZeUMZ/HMlE5pGEE0c0o=",
      "requires": {
        "@material/animation": "^1.0.0",
        "@material/base": "^1.0.0",
        "@material/dom": "^1.1.0",
        "@material/elevation": "^1.1.0",
        "@material/feature-targeting": "^0.44.1",
        "@material/ripple": "^2.3.0",
        "@material/rtl": "^0.42.0",
        "@material/shape": "^1.1.1",
        "@material/theme": "^1.1.0",
        "@material/typography": "^2.3.0",
        "focus-trap": "^5.0.0",
        "tslib": "^1.9.3"
      }
    },
    "@material/dom": {
      "version": "1.1.0",
      "resolved": "https://registry.npm.taobao.org/@material/dom/download/@material/dom-1.1.0.tgz",
      "integrity": "sha1-O9PRo0FbQYERj+yxgtk77aVqb4w=",
      "requires": {
        "tslib": "^1.9.3"
      }
    },
    "@material/drawer": {
      "version": "2.3.0",
      "resolved": "https://registry.npm.taobao.org/@material/drawer/download/@material/drawer-2.3.0.tgz",
      "integrity": "sha1-voHvJNIfd7LXFtvYJAwCydzM4sk=",
      "requires": {
        "@material/animation": "^1.0.0",
        "@material/base": "^1.0.0",
        "@material/elevation": "^1.1.0",
        "@material/list": "^2.3.0",
        "@material/ripple": "^2.3.0",
        "@material/rtl": "^0.42.0",
        "@material/shape": "^1.1.1",
        "@material/theme": "^1.1.0",
        "@material/typography": "^2.3.0",
        "focus-trap": "^5.0.0",
        "tslib": "^1.9.3"
      }
    },
    "@material/elevation": {
      "version": "1.1.0",
      "resolved": "https://registry.npm.taobao.org/@material/elevation/download/@material/elevation-1.1.0.tgz",
      "integrity": "sha1-3vI8NgrgZ7Q8FjKjMbmIO59nnMU=",
      "requires": {
        "@material/animation": "^1.0.0",
        "@material/feature-targeting": "^0.44.1",
        "@material/theme": "^1.1.0"
      }
    },
    "@material/fab": {
      "version": "2.3.0",
      "resolved": "https://registry.npm.taobao.org/@material/fab/download/@material/fab-2.3.0.tgz",
      "integrity": "sha1-0jArbyG9hMf6bUGWB505v3q9PMI=",
      "requires": {
        "@material/animation": "^1.0.0",
        "@material/elevation": "^1.1.0",
        "@material/feature-targeting": "^0.44.1",
        "@material/ripple": "^2.3.0",
        "@material/rtl": "^0.42.0",
        "@material/shape": "^1.1.1",
        "@material/theme": "^1.1.0",
        "@material/typography": "^2.3.0"
      }
    },
    "@material/feature-targeting": {
      "version": "0.44.1",
      "resolved": "http://registry.npm.taobao.org/@material/feature-targeting/download/@material/feature-targeting-0.44.1.tgz",
      "integrity": "sha1-r6/IApTl76uUvuMaGHJz1D00l5o="
    },
    "@material/floating-label": {
      "version": "2.3.0",
      "resolved": "https://registry.npm.taobao.org/@material/floating-label/download/@material/floating-label-2.3.0.tgz",
      "integrity": "sha1-ABqnO8A1uL+RPavCkmNh+MFFjyg=",
      "requires": {
        "@material/animation": "^1.0.0",
        "@material/base": "^1.0.0",
        "@material/rtl": "^0.42.0",
        "@material/theme": "^1.1.0",
        "@material/typography": "^2.3.0",
        "tslib": "^1.9.3"
      }
    },
    "@material/form-field": {
      "version": "2.3.0",
      "resolved": "https://registry.npm.taobao.org/@material/form-field/download/@material/form-field-2.3.0.tgz",
      "integrity": "sha1-Dza1CtjJbWqoVvp0CE5eISghhyQ=",
      "requires": {
        "@material/base": "^1.0.0",
        "@material/feature-targeting": "^0.44.1",
        "@material/ripple": "^2.3.0",
        "@material/rtl": "^0.42.0",
        "@material/theme": "^1.1.0",
        "@material/typography": "^2.3.0",
        "tslib": "^1.9.3"
      }
    },
    "@material/grid-list": {
      "version": "2.3.0",
      "resolved": "https://registry.npm.taobao.org/@material/grid-list/download/@material/grid-list-2.3.0.tgz",
      "integrity": "sha1-FZ5YMhQHxJUnvFoC37/LGoRFBgo=",
      "requires": {
        "@material/base": "^1.0.0",
        "@material/feature-targeting": "^0.44.1",
        "@material/rtl": "^0.42.0",
        "@material/theme": "^1.1.0",
        "@material/typography": "^2.3.0",
        "tslib": "^1.9.3"
      }
    },
    "@material/icon-button": {
      "version": "2.3.0",
      "resolved": "https://registry.npm.taobao.org/@material/icon-button/download/@material/icon-button-2.3.0.tgz",
      "integrity": "sha1-EWDszNIBFhoaOAM3Mr7tlaBiRJc=",
      "requires": {
        "@material/base": "^1.0.0",
        "@material/feature-targeting": "^0.44.1",
        "@material/ripple": "^2.3.0",
        "@material/theme": "^1.1.0",
        "tslib": "^1.9.3"
      }
    },
    "@material/image-list": {
      "version": "2.3.0",
      "resolved": "https://registry.npm.taobao.org/@material/image-list/download/@material/image-list-2.3.0.tgz",
      "integrity": "sha1-BfGDb5Pez3dSn3zkLXPubp0xEX4=",
      "requires": {
        "@material/feature-targeting": "^0.44.1",
        "@material/shape": "^1.1.1",
        "@material/theme": "^1.1.0",
        "@material/typography": "^2.3.0"
      }
    },
    "@material/layout-grid": {
      "version": "0.41.0",
      "resolved": "https://registry.npm.taobao.org/@material/layout-grid/download/@material/layout-grid-0.41.0.tgz",
      "integrity": "sha1-Ln0752MT4GhNVzsQwsaoizIw0lE="
    },
    "@material/line-ripple": {
      "version": "2.3.0",
      "resolved": "https://registry.npm.taobao.org/@material/line-ripple/download/@material/line-ripple-2.3.0.tgz",
      "integrity": "sha1-59h28drQp+QYzP7+2HVEP8HzA6A=",
      "requires": {
        "@material/animation": "^1.0.0",
        "@material/base": "^1.0.0",
        "@material/theme": "^1.1.0",
        "tslib": "^1.9.3"
      }
    },
    "@material/linear-progress": {
      "version": "2.3.0",
      "resolved": "https://registry.npm.taobao.org/@material/linear-progress/download/@material/linear-progress-2.3.0.tgz",
      "integrity": "sha1-B6uXRD4EqAdbLKjTi8l6fWCkvUo=",
      "requires": {
        "@material/animation": "^1.0.0",
        "@material/base": "^1.0.0",
        "@material/theme": "^1.1.0",
        "tslib": "^1.9.3"
      }
    },
    "@material/list": {
      "version": "2.3.0",
      "resolved": "https://registry.npm.taobao.org/@material/list/download/@material/list-2.3.0.tgz",
      "integrity": "sha1-B/jXGUSV9IfUQLvp/Qmi06aM7gY=",
      "requires": {
        "@material/base": "^1.0.0",
        "@material/dom": "^1.1.0",
        "@material/feature-targeting": "^0.44.1",
        "@material/ripple": "^2.3.0",
        "@material/rtl": "^0.42.0",
        "@material/shape": "^1.1.1",
        "@material/theme": "^1.1.0",
        "@material/typography": "^2.3.0",
        "tslib": "^1.9.3"
      }
    },
    "@material/menu": {
      "version": "2.3.0",
      "resolved": "https://registry.npm.taobao.org/@material/menu/download/@material/menu-2.3.0.tgz",
      "integrity": "sha1-KdezVX789id5bPr1MnVPXG8tEgs=",
      "requires": {
        "@material/base": "^1.0.0",
        "@material/feature-targeting": "^0.44.1",
        "@material/list": "^2.3.0",
        "@material/menu-surface": "^2.3.0",
        "@material/ripple": "^2.3.0",
        "@material/rtl": "^0.42.0",
        "tslib": "^1.9.3"
      }
    },
    "@material/menu-surface": {
      "version": "2.3.0",
      "resolved": "https://registry.npm.taobao.org/@material/menu-surface/download/@material/menu-surface-2.3.0.tgz",
      "integrity": "sha1-XYK07XtxJAAKLh/nYDTpTwpDO4M=",
      "requires": {
        "@material/animation": "^1.0.0",
        "@material/base": "^1.0.0",
        "@material/elevation": "^1.1.0",
        "@material/feature-targeting": "^0.44.1",
        "@material/rtl": "^0.42.0",
        "@material/shape": "^1.1.1",
        "@material/theme": "^1.1.0",
        "tslib": "^1.9.3"
      }
    },
    "@material/notched-outline": {
      "version": "2.3.0",
      "resolved": "https://registry.npm.taobao.org/@material/notched-outline/download/@material/notched-outline-2.3.0.tgz",
      "integrity": "sha1-cHxzKaAf6AsmmhxGiXabgS2CXrE=",
      "requires": {
        "@material/animation": "^1.0.0",
        "@material/base": "^1.0.0",
        "@material/floating-label": "^2.3.0",
        "@material/rtl": "^0.42.0",
        "@material/shape": "^1.1.1",
        "@material/theme": "^1.1.0",
        "tslib": "^1.9.3"
      }
    },
    "@material/radio": {
      "version": "2.3.0",
      "resolved": "https://registry.npm.taobao.org/@material/radio/download/@material/radio-2.3.0.tgz",
      "integrity": "sha1-bZkO24ijrqYQiV0RWR2TgU+qxEo=",
      "requires": {
        "@material/animation": "^1.0.0",
        "@material/base": "^1.0.0",
        "@material/feature-targeting": "^0.44.1",
        "@material/ripple": "^2.3.0",
        "@material/theme": "^1.1.0",
        "tslib": "^1.9.3"
      }
    },
    "@material/ripple": {
      "version": "2.3.0",
      "resolved": "https://registry.npm.taobao.org/@material/ripple/download/@material/ripple-2.3.0.tgz",
      "integrity": "sha1-RwGyz+zdxMg65ix3euK/lgeYhwU=",
      "requires": {
        "@material/animation": "^1.0.0",
        "@material/base": "^1.0.0",
        "@material/dom": "^1.1.0",
        "@material/feature-targeting": "^0.44.1",
        "@material/theme": "^1.1.0",
        "tslib": "^1.9.3"
      }
    },
    "@material/rtl": {
      "version": "0.42.0",
      "resolved": "http://registry.npm.taobao.org/@material/rtl/download/@material/rtl-0.42.0.tgz",
      "integrity": "sha1-GDbngYbC2LmW9vv5etqyA1NTNbw="
    },
    "@material/select": {
      "version": "2.3.1",
      "resolved": "https://registry.npm.taobao.org/@material/select/download/@material/select-2.3.1.tgz",
      "integrity": "sha1-JdI6VUptBPOHPPhX436lCca38zs=",
      "requires": {
        "@material/animation": "^1.0.0",
        "@material/base": "^1.0.0",
        "@material/floating-label": "^2.3.0",
        "@material/line-ripple": "^2.3.0",
        "@material/menu": "^2.3.0",
        "@material/menu-surface": "^2.3.0",
        "@material/notched-outline": "^2.3.0",
        "@material/ripple": "^2.3.0",
        "@material/rtl": "^0.42.0",
        "@material/shape": "^1.1.1",
        "@material/theme": "^1.1.0",
        "@material/typography": "^2.3.0",
        "tslib": "^1.9.3"
      }
    },
    "@material/shape": {
      "version": "1.1.1",
      "resolved": "https://registry.npm.taobao.org/@material/shape/download/@material/shape-1.1.1.tgz",
      "integrity": "sha1-elNoaUvDVV5p6lR5UJBLRvoQJL8=",
      "requires": {
        "@material/feature-targeting": "^0.44.1"
      }
    },
    "@material/slider": {
      "version": "2.3.0",
      "resolved": "https://registry.npm.taobao.org/@material/slider/download/@material/slider-2.3.0.tgz",
      "integrity": "sha1-q/jBew5RhCyAfybqwFGXKBhfLJ0=",
      "requires": {
        "@material/animation": "^1.0.0",
        "@material/base": "^1.0.0",
        "@material/rtl": "^0.42.0",
        "@material/theme": "^1.1.0",
        "@material/typography": "^2.3.0",
        "tslib": "^1.9.3"
      }
    },
    "@material/snackbar": {
      "version": "2.3.0",
      "resolved": "https://registry.npm.taobao.org/@material/snackbar/download/@material/snackbar-2.3.0.tgz",
      "integrity": "sha1-xeNwCDQ3OAjriEXAIN44BUAIRH0=",
      "requires": {
        "@material/animation": "^1.0.0",
        "@material/base": "^1.0.0",
        "@material/button": "^2.3.0",
        "@material/dom": "^1.1.0",
        "@material/icon-button": "^2.3.0",
        "@material/ripple": "^2.3.0",
        "@material/rtl": "^0.42.0",
        "@material/shape": "^1.1.1",
        "@material/theme": "^1.1.0",
        "@material/typography": "^2.3.0",
        "tslib": "^1.9.3"
      }
    },
    "@material/switch": {
      "version": "2.3.0",
      "resolved": "https://registry.npm.taobao.org/@material/switch/download/@material/switch-2.3.0.tgz",
      "integrity": "sha1-Pqesw11kXYOnGOQNJ+cszKCD4nE=",
      "requires": {
        "@material/animation": "^1.0.0",
        "@material/base": "^1.0.0",
        "@material/dom": "^1.1.0",
        "@material/elevation": "^1.1.0",
        "@material/feature-targeting": "^0.44.1",
        "@material/ripple": "^2.3.0",
        "@material/rtl": "^0.42.0",
        "@material/theme": "^1.1.0",
        "tslib": "^1.9.3"
      }
    },
    "@material/tab": {
      "version": "2.3.0",
      "resolved": "https://registry.npm.taobao.org/@material/tab/download/@material/tab-2.3.0.tgz",
      "integrity": "sha1-U5djux1QsG9sNu0Z/IO/dtbLhKk=",
      "requires": {
        "@material/base": "^1.0.0",
        "@material/ripple": "^2.3.0",
        "@material/rtl": "^0.42.0",
        "@material/tab-indicator": "^2.3.0",
        "@material/theme": "^1.1.0",
        "@material/typography": "^2.3.0",
        "tslib": "^1.9.3"
      }
    },
    "@material/tab-bar": {
      "version": "2.3.0",
      "resolved": "https://registry.npm.taobao.org/@material/tab-bar/download/@material/tab-bar-2.3.0.tgz",
      "integrity": "sha1-8te3FM3sTtdmpLG386hx4ZpNR6E=",
      "requires": {
        "@material/base": "^1.0.0",
        "@material/elevation": "^1.1.0",
        "@material/tab": "^2.3.0",
        "@material/tab-scroller": "^2.3.0",
        "tslib": "^1.9.3"
      }
    },
    "@material/tab-indicator": {
      "version": "2.3.0",
      "resolved": "https://registry.npm.taobao.org/@material/tab-indicator/download/@material/tab-indicator-2.3.0.tgz",
      "integrity": "sha1-2y60ZzA+S3zQm8krI/HVdd1a7jc=",
      "requires": {
        "@material/animation": "^1.0.0",
        "@material/base": "^1.0.0",
        "@material/theme": "^1.1.0",
        "tslib": "^1.9.3"
      }
    },
    "@material/tab-scroller": {
      "version": "2.3.0",
      "resolved": "https://registry.npm.taobao.org/@material/tab-scroller/download/@material/tab-scroller-2.3.0.tgz",
      "integrity": "sha1-ImtzdwvVtLAwJhJOZi/S5M4V5CU=",
      "requires": {
        "@material/animation": "^1.0.0",
        "@material/base": "^1.0.0",
        "@material/dom": "^1.1.0",
        "@material/tab": "^2.3.0",
        "tslib": "^1.9.3"
      }
    },
    "@material/textfield": {
      "version": "2.3.1",
      "resolved": "https://registry.npm.taobao.org/@material/textfield/download/@material/textfield-2.3.1.tgz",
      "integrity": "sha1-iTGD+Gs8b1kTJH9W+FFty/g6HNg=",
      "requires": {
        "@material/animation": "^1.0.0",
        "@material/base": "^1.0.0",
        "@material/dom": "^1.1.0",
        "@material/floating-label": "^2.3.0",
        "@material/line-ripple": "^2.3.0",
        "@material/notched-outline": "^2.3.0",
        "@material/ripple": "^2.3.0",
        "@material/rtl": "^0.42.0",
        "@material/shape": "^1.1.1",
        "@material/theme": "^1.1.0",
        "@material/typography": "^2.3.0",
        "tslib": "^1.9.3"
      }
    },
    "@material/theme": {
      "version": "1.1.0",
      "resolved": "https://registry.npm.taobao.org/@material/theme/download/@material/theme-1.1.0.tgz",
      "integrity": "sha1-nJXdgEFowjwwWJ/PCezFr1s9Gtw=",
      "requires": {
        "@material/feature-targeting": "^0.44.1"
      }
    },
    "@material/toolbar": {
      "version": "2.3.0",
      "resolved": "https://registry.npm.taobao.org/@material/toolbar/download/@material/toolbar-2.3.0.tgz",
      "integrity": "sha1-bMRjWQlgah3/PFFhnyaa/5J62kg=",
      "requires": {
        "@material/base": "^1.0.0",
        "@material/elevation": "^1.1.0",
        "@material/ripple": "^2.3.0",
        "@material/rtl": "^0.42.0",
        "@material/theme": "^1.1.0",
        "@material/typography": "^2.3.0",
        "tslib": "^1.9.3"
      }
    },
    "@material/top-app-bar": {
      "version": "2.3.0",
      "resolved": "https://registry.npm.taobao.org/@material/top-app-bar/download/@material/top-app-bar-2.3.0.tgz",
      "integrity": "sha1-WYBYZLNpPNVOLZbG8pgSIeUfng4=",
      "requires": {
        "@material/animation": "^1.0.0",
        "@material/base": "^1.0.0",
        "@material/elevation": "^1.1.0",
        "@material/ripple": "^2.3.0",
        "@material/rtl": "^0.42.0",
        "@material/shape": "^1.1.1",
        "@material/theme": "^1.1.0",
        "@material/typography": "^2.3.0",
        "tslib": "^1.9.3"
      }
    },
    "@material/typography": {
      "version": "2.3.0",
      "resolved": "https://registry.npm.taobao.org/@material/typography/download/@material/typography-2.3.0.tgz",
      "integrity": "sha1-/iGAxpcXIifwdFzaaE7K/auj+N0=",
      "requires": {
        "@material/feature-targeting": "^0.44.1"
      }
    },
    "focus-trap": {
      "version": "5.0.1",
      "resolved": "https://registry.npm.taobao.org/focus-trap/download/focus-trap-5.0.1.tgz",
      "integrity": "sha1-KF+d8s2fXvgt0au12KcOZs1PmeM=",
      "requires": {
        "tabbable": "^4.0.0",
        "xtend": "^4.0.1"
      }
    },
    "material-components-web": {
      "version": "2.3.1",
      "resolved": "https://registry.npm.taobao.org/material-components-web/download/material-components-web-2.3.1.tgz",
      "integrity": "sha1-BFlQeebpeEv6tYUZ2GbvnfNcskY=",
      "requires": {
        "@material/animation": "^1.0.0",
        "@material/auto-init": "^2.3.0",
        "@material/base": "^1.0.0",
        "@material/button": "^2.3.0",
        "@material/card": "^2.3.0",
        "@material/checkbox": "^2.3.0",
        "@material/chips": "^2.3.0",
        "@material/dialog": "^2.3.0",
        "@material/dom": "^1.1.0",
        "@material/drawer": "^2.3.0",
        "@material/elevation": "^1.1.0",
        "@material/fab": "^2.3.0",
        "@material/feature-targeting": "^0.44.1",
        "@material/floating-label": "^2.3.0",
        "@material/form-field": "^2.3.0",
        "@material/grid-list": "^2.3.0",
        "@material/icon-button": "^2.3.0",
        "@material/image-list": "^2.3.0",
        "@material/layout-grid": "^0.41.0",
        "@material/line-ripple": "^2.3.0",
        "@material/linear-progress": "^2.3.0",
        "@material/list": "^2.3.0",
        "@material/menu": "^2.3.0",
        "@material/menu-surface": "^2.3.0",
        "@material/notched-outline": "^2.3.0",
        "@material/radio": "^2.3.0",
        "@material/ripple": "^2.3.0",
        "@material/rtl": "^0.42.0",
        "@material/select": "^2.3.1",
        "@material/shape": "^1.1.1",
        "@material/slider": "^2.3.0",
        "@material/snackbar": "^2.3.0",
        "@material/switch": "^2.3.0",
        "@material/tab": "^2.3.0",
        "@material/tab-bar": "^2.3.0",
        "@material/tab-indicator": "^2.3.0",
        "@material/tab-scroller": "^2.3.0",
        "@material/textfield": "^2.3.1",
        "@material/theme": "^1.1.0",
        "@material/toolbar": "^2.3.0",
        "@material/top-app-bar": "^2.3.0",
        "@material/typography": "^2.3.0"
      }
    },
    "tabbable": {
      "version": "4.0.0",
      "resolved": "http://registry.npm.taobao.org/tabbable/download/tabbable-4.0.0.tgz",
      "integrity": "sha1-W/8dETXfFILPDwIGQ08V6tvrkmE="
    },
    "tslib": {
      "version": "1.10.0",
      "resolved": "https://registry.npm.taobao.org/tslib/download/tslib-1.10.0.tgz",
      "integrity": "sha1-w8GflZc/sKYpc/sJ2Q2WHuQ+XIo="
    },
    "xtend": {
      "version": "4.0.1",
      "resolved": "http://registry.npm.taobao.org/xtend/download/xtend-4.0.1.tgz",
      "integrity": "sha1-pcbVMr5lbiPbgg77lDofBJmNY68="
    }
  }
}
